// !$*UTF8*$!
{
	archiveVersion = 1;
	classes = {
	};
	objectVersion = 56;
	objects = {

/* Begin PBXBuildFile section */
		BA036364291F731D00F3B0CE /* A209UISApp.swift in Sources */ = {isa = PBXBuildFile; fileRef = BA036363291F731D00F3B0CE /* A209UISApp.swift */; };
		BA036366291F731D00F3B0CE /* ContentView.swift in Sources */ = {isa = PBXBuildFile; fileRef = BA036365291F731D00F3B0CE /* ContentView.swift */; };
		BA036368291F731E00F3B0CE /* Assets.xcassets in Resources */ = {isa = PBXBuildFile; fileRef = BA036367291F731E00F3B0CE /* Assets.xcassets */; };
		BA03636B291F731E00F3B0CE /* Preview Assets.xcassets in Resources */ = {isa = PBXBuildFile; fileRef = BA03636A291F731E00F3B0CE /* Preview Assets.xcassets */; };
		BA036372291F737F00F3B0CE /* MySB.storyboard in Resources */ = {isa = PBXBuildFile; fileRef = BA036371291F737F00F3B0CE /* MySB.storyboard */; };
		BA036374291F739800F3B0CE /* MyViewController.swift in Sources */ = {isa = PBXBuildFile; fileRef = BA036373291F739800F3B0CE /* MyViewController.swift */; };
		BA036376291F740100F3B0CE /* TheVCforSwiftUI.swift in Sources */ = {isa = PBXBuildFile; fileRef = BA036375291F740100F3B0CE /* TheVCforSwiftUI.swift */; };
		BA036378291F77DA00F3B0CE /* SView.swift in Sources */ = {isa = PBXBuildFile; fileRef = BA036377291F77DA00F3B0CE /* SView.swift */; };
		BA03637A291F77E800F3B0CE /* SView.xib in Resources */ = {isa = PBXBuildFile; fileRef = BA036379291F77E800F3B0CE /* SView.xib */; };
		BA03637C291F78BE00F3B0CE /* TheViewForSwiftUI.swift in Sources */ = {isa = PBXBuildFile; fileRef = BA03637B291F78BE00F3B0CE /* TheViewForSwiftUI.swift */; };
/* End PBXBuildFile section */

/* Begin PBXFileReference section */
		BA036360291F731D00F3B0CE /* A209UIS.app */ = {isa = PBXFileReference; explicitFileType = wrapper.application; includeInIndex = 0; path = A209UIS.app; sourceTree = BUILT_PRODUCTS_DIR; };
		BA036363291F731D00F3B0CE /* A209UISApp.swift */ = {isa = PBXFileReference; lastKnownFileType = sourcecode.swift; path = A209UISApp.swift; sourceTree = "<group>"; };
		BA036365291F731D00F3B0CE /* ContentView.swift */ = {isa = PBXFileReference; lastKnownFileType = sourcecode.swift; path = ContentView.swift; sourceTree = "<group>"; };
		BA036367291F731E00F3B0CE /* Assets.xcassets */ = {isa = PBXFileReference; lastKnownFileType = folder.assetcatalog; path = Assets.xcassets; sourceTree = "<group>"; };
		BA03636A291F731E00F3B0CE /* Preview Assets.xcassets */ = {isa = PBXFileReference; lastKnownFileType = folder.assetcatalog; path = "Preview Assets.xcassets"; sourceTree = "<group>"; };
		BA036371291F737F00F3B0CE /* MySB.storyboard */ = {isa = PBXFileReference; lastKnownFileType = file.storyboard; path = MySB.storyboard; sourceTree = "<group>"; };
		BA036373291F739800F3B0CE /* MyViewController.swift */ = {isa = PBXFileReference; lastKnownFileType = sourcecode.swift; path = MyViewController.swift; sourceTree = "<group>"; };
		BA036375291F740100F3B0CE /* TheVCforSwiftUI.swift */ = {isa = PBXFileReference; lastKnownFileType = sourcecode.swift; path = TheVCforSwiftUI.swift; sourceTree = "<group>"; };
		BA036377291F77DA00F3B0CE /* SView.swift */ = {isa = PBXFileReference; lastKnownFileType = sourcecode.swift; path = SView.swift; sourceTree = "<group>"; };
		BA036379291F77E800F3B0CE /* SView.xib */ = {isa = PBXFileReference; lastKnownFileType = file.xib; path = SView.xib; sourceTree = "<group>"; };
		BA03637B291F78BE00F3B0CE /* TheViewForSwiftUI.swift */ = {isa = PBXFileReference; lastKnownFileType = sourcecode.swift; path = TheViewForSwiftUI.swift; sourceTree = "<group>"; };
/* End PBXFileReference section */

/* Begin PBXFrameworksBuildPhase section */
		BA03635D291F731D00F3B0CE /* Frameworks */ = {
			isa = PBXFrameworksBuildPhase;
			buildActionMask = 2147483647;
			files = (
			);
			runOnlyForDeploymentPostprocessing = 0;
		};
/* End PBXFrameworksBuildPhase section */

/* Begin PBXGroup section */
		BA036357291F731D00F3B0CE = {
			isa = PBXGroup;
			children = (
				BA036362291F731D00F3B0CE /* A209UIS */,
				BA036361291F731D00F3B0CE /* Products */,
			);
			sourceTree = "<group>";
		};
		BA036361291F731D00F3B0CE /* Products */ = {
			isa = PBXGroup;
			children = (
				BA036360291F731D00F3B0CE /* A209UIS.app */,
			);
			name = Products;
			sourceTree = "<group>";
		};
		BA036362291F731D00F3B0CE /* A209UIS */ = {
			isa = PBXGroup;
			children = (
				BA036363291F731D00F3B0CE /* A209UISApp.swift */,
				BA036365291F731D00F3B0CE /* ContentView.swift */,
				BA036367291F731E00F3B0CE /* Assets.xcassets */,
				BA036369291F731E00F3B0CE /* Preview Content */,
				BA036371291F737F00F3B0CE /* MySB.storyboard */,
				BA036373291F739800F3B0CE /* MyViewController.swift */,
				BA036375291F740100F3B0CE /* TheVCforSwiftUI.swift */,
				BA036377291F77DA00F3B0CE /* SView.swift */,
				BA036379291F77E800F3B0CE /* SView.xib */,
				BA03637B291F78BE00F3B0CE /* TheViewForSwiftUI.swift */,
			);
			path = A209UIS;
			sourceTree = "<group>";
		};
		BA036369291F731E00F3B0CE /* Preview Content */ = {
			isa = PBXGroup;
			children = (
				BA03636A291F731E00F3B0CE /* Preview Assets.xcassets */,
			);
			path = "Preview Content";
			sourceTree = "<group>";
		};
/* End PBXGroup section */

/* Begin PBXNativeTarget section */
		BA03635F291F731D00F3B0CE /* A209UIS */ = {
			isa = PBXNativeTarget;
			buildConfigurationList = BA03636E291F731E00F3B0CE /* Build configuration list for PBXNativeTarget "A209UIS" */;
			buildPhases = (
				BA03635C291F731D00F3B0CE /* Sources */,
				BA03635D291F731D00F3B0CE /* Frameworks */,
				BA03635E291F731D00F3B0CE /* Resources */,
			);
			buildRules = (
			);
			dependencies = (
			);
			name = A209UIS;
			productName = A209UIS;
			productReference = BA036360291F731D00F3B0CE /* A209UIS.app */;
			productType = "com.apple.product-type.application";
		};
/* End PBXNativeTarget section */

/* Begin PBXProject section */
		BA036358291F731D00F3B0CE /* Project object */ = {
			isa = PBXProject;
			attributes = {
				BuildIndependentTargetsInParallel = 1;
				LastSwiftUpdateCheck = 1410;
				LastUpgradeCheck = 1410;
				TargetAttributes = {
					BA03635F291F731D00F3B0CE = {
						CreatedOnToolsVersion = 14.1;
					};
				};
			};
			buildConfigurationList = BA03635B291F731D00F3B0CE /* Build configuration list for PBXProject "A209UIS" */;
			compatibilityVersion = "Xcode 14.0";
			developmentRegion = en;
			hasScannedForEncodings = 0;
			knownRegions = (
				en,
				Base,
			);
			mainGroup = BA036357291F731D00F3B0CE;
			productRefGroup = BA036361291F731D00F3B0CE /* Products */;
			projectDirPath = "";
			projectRoot = "";
			targets = (
				BA03635F291F731D00F3B0CE /* A209UIS */,
			);
		};
/* End PBXProject section */

/* Begin PBXResourcesBuildPhase section */
		BA03635E291F731D00F3B0CE /* Resources */ = {
			isa = PBXResourcesBuildPhase;
			buildActionMask = 2147483647;
			files = (
				BA03637A291F77E800F3B0CE /* SView.xib in Resources */,
				BA036372291F737F00F3B0CE /* MySB.storyboard in Resources */,
				BA03636B291F731E00F3B0CE /* Preview Assets.xcassets in Resources */,
				BA036368291F731E00F3B0CE /* Assets.xcassets in Resources */,
			);
			runOnlyForDeploymentPostprocessing = 0;
		};
/* End PBXResourcesBuildPhase section */

/* Begin PBXSourcesBuildPhase section */
		BA03635C291F731D00F3B0CE /* Sources */ = {
			isa = PBXSourcesBuildPhase;
			buildActionMask = 2147483647;
			files = (
				BA036376291F740100F3B0CE /* TheVCforSwiftUI.swift in Sources */,
				BA036366291F731D00F3B0CE /* ContentView.swift in Sources */,
				BA036374291F739800F3B0CE /* MyViewController.swift in Sources */,
				BA036378291F77DA00F3B0CE /* SView.swift in Sources */,
				BA03637C291F78BE00F3B0CE /* TheViewForSwiftUI.swift in Sources */,
				BA036364291F731D00F3B0CE /* A209UISApp.swift in Sources */,
			);
			runOnlyForDeploymentPostprocessing = 0;
		};
/* End PBXSourcesBuildPhase section */

/* Begin XCBuildConfiguration section */
		BA03636C291F731E00F3B0CE /* Debug */ = {
			isa = XCBuildConfiguration;
			buildSettings = {
				ALWAYS_SEARCH_USER_PATHS = NO;
				CLANG_ANALYZER_NONNULL = YES;
				CLANG_ANALYZER_NUMBER_OBJECT_CONVERSION = YES_AGGRESSIVE;
				CLANG_CXX_LANGUAGE_STANDARD = "gnu++20";
				CLANG_ENABLE_MODULES = YES;
				CLANG_ENABLE_OBJC_ARC = YES;
				CLANG_ENABLE_OBJC_WEAK = YES;
				CLANG_WARN_BLOCK_CAPTURE_AUTORELEASING = YES;
				CLANG_WARN_BOOL_CONVERSION = YES;
				CLANG_WARN_COMMA = YES;
				CLANG_WARN_CONSTANT_CONVERSION = YES;
				CLANG_WARN_DEPRECATED_OBJC_IMPLEMENTATIONS = YES;
				CLANG_WARN_DIRECT_OBJC_ISA_USAGE = YES_ERROR;
				CLANG_WARN_DOCUMENTATION_COMMENTS = YES;
				CLANG_WARN_EMPTY_BODY = YES;
				CLANG_WARN_ENUM_CONVERSION = YES;
				CLANG_WARN_INFINITE_RECURSION = YES;
				CLANG_WARN_INT_CONVERSION = YES;
				CLANG_WARN_NON_LITERAL_NULL_CONVERSION = YES;
				CLANG_WARN_OBJC_IMPLICIT_RETAIN_SELF = YES;
				CLANG_WARN_OBJC_LITERAL_CONVERSION = YES;
				CLANG_WARN_OBJC_ROOT_CLASS = YES_ERROR;
				CLANG_WARN_QUOTED_INCLUDE_IN_FRAMEWORK_HEADER = YES;
				CLANG_WARN_RANGE_LOOP_ANALYSIS = YES;
				CLANG_WARN_STRICT_PROTOTYPES = YES;
				CLANG_WARN_SUSPICIOUS_MOVE = YES;
				CLANG_WARN_UNGUARDED_AVAILABILITY = YES_AGGRESSIVE;
				CLANG_WARN_UNREACHABLE_CODE = YES;
				CLANG_WARN__DUPLICATE_METHOD_MATCH = YES;
				COPY_PHASE_STRIP = NO;
				DEBUG_INFORMATION_FORMAT = dwarf;
				ENABLE_STRICT_OBJC_MSGSEND = YES;
				ENABLE_TESTABILITY = YES;
				GCC_C_LANGUAGE_STANDARD = gnu11;
				GCC_DYNAMIC_NO_PIC = NO;
				GCC_NO_COMMON_BLOCKS = YES;
				GCC_OPTIMIZATION_LEVEL = 0;
				GCC_PREPROCESSOR_DEFINITIONS = (
					"DEBUG=1",
					"$(inherited)",
				);
				GCC_WARN_64_TO_32_BIT_CONVERSION = YES;
				GCC_WARN_ABOUT_RETURN_TYPE = YES_ERROR;
				GCC_WARN_UNDECLARED_SELECTOR = YES;
				GCC_WARN_UNINITIALIZED_AUTOS = YES_AGGRESSIVE;
				GCC_WARN_UNUSED_FUNCTION = YES;
				GCC_WARN_UNUSED_VARIABLE = YES;
				IPHONEOS_DEPLOYMENT_TARGET = 16.1;
				MTL_ENABLE_DEBUG_INFO = INCLUDE_SOURCE;
				MTL_FAST_MATH = YES;
				ONLY_ACTIVE_ARCH = YES;
				SDKROOT = iphoneos;
				SWIFT_ACTIVE_COMPILATION_CONDITIONS = DEBUG;
				SWIFT_OPTIMIZATION_LEVEL = "-Onone";
			};
			name = Debug;
		};
		BA03636D291F731E00F3B0CE /* Release */ = {
			isa = XCBuildConfiguration;
			buildSettings = {
				ALWAYS_SEARCH_USER_PATHS = NO;
				CLANG_ANALYZER_NONNULL = YES;
				CLANG_ANALYZER_NUMBER_OBJECT_CONVERSION = YES_AGGRESSIVE;
				CLANG_CXX_LANGUAGE_STANDARD = "gnu++20";
				CLANG_ENABLE_MODULES = YES;
				CLANG_ENABLE_OBJC_ARC = YES;
				CLANG_ENABLE_OBJC_WEAK = YES;
				CLANG_WARN_BLOCK_CAPTURE_AUTORELEASING = YES;
				CLANG_WARN_BOOL_CONVERSION = YES;
				CLANG_WARN_COMMA = YES;
				CLANG_WARN_CONSTANT_CONVERSION = YES;
				CLANG_WARN_DEPRECATED_OBJC_IMPLEMENTATIONS = YES;
				CLANG_WARN_DIRECT_OBJC_ISA_USAGE = YES_ERROR;
				CLANG_WARN_DOCUMENTATION_COMMENTS = YES;
				CLANG_WARN_EMPTY_BODY = YES;
				CLANG_WARN_ENUM_CONVERSION = YES;
				CLANG_WARN_INFINITE_RECURSION = YES;
				CLANG_WARN_INT_CONVERSION = YES;
				CLANG_WARN_NON_LITERAL_NULL_CONVERSION = YES;
				CLANG_WARN_OBJC_IMPLICIT_RETAIN_SELF = YES;
				CLANG_WARN_OBJC_LITERAL_CONVERSION = YES;
				CLANG_WARN_OBJC_ROOT_CLASS = YES_ERROR;
				CLANG_WARN_QUOTED_INCLUDE_IN_FRAMEWORK_HEADER = YES;
				CLANG_WARN_RANGE_LOOP_ANALYSIS = YES;
				CLANG_WARN_STRICT_PROTOTYPES = YES;
				CLANG_WARN_SUSPICIOUS_MOVE = YES;
				CLANG_WARN_UNGUARDED_AVAILABILITY = YES_AGGRESSIVE;
				CLANG_WARN_UNREACHABLE_CODE = YES;
				CLANG_WARN__DUPLICATE_METHOD_MATCH = YES;
				COPY_PHASE_STRIP = NO;
				DEBUG_INFORMATION_FORMAT = "dwarf-with-dsym";
				ENABLE_NS_ASSERTIONS = NO;
				ENABLE_STRICT_OBJC_MSGSEND = YES;
				GCC_C_LANGUAGE_STANDARD = gnu11;
				GCC_NO_COMMON_BLOCKS = YES;
				GCC_WARN_64_TO_32_BIT_CONVERSION = YES;
				GCC_WARN_ABOUT_RETURN_TYPE = YES_ERROR;
				GCC_WARN_UNDECLARED_SELECTOR = YES;
				GCC_WARN_UNINITIALIZED_AUTOS = YES_AGGRESSIVE;
				GCC_WARN_UNUSED_FUNCTION = YES;
				GCC_WARN_UNUSED_VARIABLE = YES;
				IPHONEOS_DEPLOYMENT_TARGET = 16.1;
				MTL_ENABLE_DEBUG_INFO = NO;
				MTL_FAST_MATH = YES;
				SDKROOT = iphoneos;
				SWIFT_COMPILATION_MODE = wholemodule;
				SWIFT_OPTIMIZATION_LEVEL = "-O";
				VALIDATE_PRODUCT = YES;
			};
			name = Release;
		};
		BA03636F291F731E00F3B0CE /* Debug */ = {
			isa = XCBuildConfiguration;
			buildSettings = {
				ASSETCATALOG_COMPILER_APPICON_NAME = AppIcon;
				ASSETCATALOG_COMPILER_GLOBAL_ACCENT_COLOR_NAME = AccentColor;
				CODE_SIGN_STYLE = Automatic;
				CURRENT_PROJECT_VERSION = 1;
				DEVELOPMENT_ASSET_PATHS = "\"A209UIS/Preview Content\"";
				DEVELOPMENT_TEAM = XSVW22JPST;
				ENABLE_PREVIEWS = YES;
				GENERATE_INFOPLIST_FILE = YES;
				INFOPLIST_KEY_UIApplicationSceneManifest_Generation = YES;
				INFOPLIST_KEY_UIApplicationSupportsIndirectInputEvents = YES;
				INFOPLIST_KEY_UILaunchScreen_Generation = YES;
				INFOPLIST_KEY_UISupportedInterfaceOrientations_iPad = "UIInterfaceOrientationPortrait UIInterfaceOrientationPortraitUpsideDown UIInterfaceOrientationLandscapeLeft UIInterfaceOrientationLandscapeRight";
				INFOPLIST_KEY_UISupportedInterfaceOrientations_iPhone = "UIInterfaceOrientationPortrait UIInterfaceOrientationLandscapeLeft UIInterfaceOrientationLandscapeRight";
				LD_RUNPATH_SEARCH_PATHS = (
					"$(inherited)",
					"@executable_path/Frameworks",
				);
				MARKETING_VERSION = 1.0;
				PRODUCT_BUNDLE_IDENTIFIER = idv.sjw.A209UIS;
				PRODUCT_NAME = "$(TARGET_NAME)";
				SWIFT_EMIT_LOC_STRINGS = YES;
				SWIFT_VERSION = 5.0;
				TARGETED_DEVICE_FAMILY = "1,2";
			};
			name = Debug;
		};
		BA036370291F731E00F3B0CE /* Release */ = {
			isa = XCBuildConfiguration;
			buildSettings = {
				ASSETCATALOG_COMPILER_APPICON_NAME = AppIcon;
				ASSETCATALOG_COMPILER_GLOBAL_ACCENT_COLOR_NAME = AccentColor;
				CODE_SIGN_STYLE = Automatic;
				CURRENT_PROJECT_VERSION = 1;
				DEVELOPMENT_ASSET_PATHS = "\"A209UIS/Preview Content\"";
				DEVELOPMENT_TEAM = XSVW22JPST;
				ENABLE_PREVIEWS = YES;
				GENERATE_INFOPLIST_FILE = YES;
				INFOPLIST_KEY_UIApplicationSceneManifest_Generation = YES;
				INFOPLIST_KEY_UIApplicationSupportsIndirectInputEvents = YES;
				INFOPLIST_KEY_UILaunchScreen_Generation = YES;
				INFOPLIST_KEY_UISupportedInterfaceOrientations_iPad = "UIInterfaceOrientationPortrait UIInterfaceOrientationPortraitUpsideDown UIInterfaceOrientationLandscapeLeft UIInterfaceOrientationLandscapeRight";
				INFOPLIST_KEY_UISupportedInterfaceOrientations_iPhone = "UIInterfaceOrientationPortrait UIInterfaceOrientationLandscapeLeft UIInterfaceOrientationLandscapeRight";
				LD_RUNPATH_SEARCH_PATHS = (
					"$(inherited)",
					"@executable_path/Frameworks",
				);
				MARKETING_VERSION = 1.0;
				PRODUCT_BUNDLE_IDENTIFIER = idv.sjw.A209UIS;
				PRODUCT_NAME = "$(TARGET_NAME)";
				SWIFT_EMIT_LOC_STRINGS = YES;
				SWIFT_VERSION = 5.0;
				TARGETED_DEVICE_FAMILY = "1,2";
			};
			name = Release;
		};
/* End XCBuildConfiguration section */

/* Begin XCConfigurationList section */
		BA03635B291F731D00F3B0CE /* Build configuration list for PBXProject "A209UIS" */ = {
			isa = XCConfigurationList;
			buildConfigurations = (
				BA03636C291F731E00F3B0CE /* Debug */,
				BA03636D291F731E00F3B0CE /* Release */,
			);
			defaultConfigurationIsVisible = 0;
			defaultConfigurationName = Release;
		};
		BA03636E291F731E00F3B0CE /* Build configuration list for PBXNativeTarget "A209UIS" */ = {
			isa = XCConfigurationList;
			buildConfigurations = (
				BA03636F291F731E00F3B0CE /* Debug */,
				BA036370291F731E00F3B0CE /* Release */,
			);
			defaultConfigurationIsVisible = 0;
			defaultConfigurationName = Release;
		};
/* End XCConfigurationList section */
	};
	rootObject = BA036358291F731D00F3B0CE /* Project object */;
}
